
Microsoft Visual Studio Solution File, Format Version 12.00
# Visual Studio Version 16
VisualStudioVersion = 16.0.31129.286
MinimumVisualStudioVersion = 10.0.40219.1
Project("{FAE04EC0-301F-11D3-BF4B-00C04F79EFBC}") = "ProductConsoleApp", "ProductConsoleApp\ProductConsoleApp.csproj", "{6AE45257-3AD6-43DE-8AA5-C93DCD688BBB}"
EndProject
Project("{FAE04EC0-301F-11D3-BF4B-00C04F79EFBC}") = "ProductAppTest", "ProductAppTest\ProductAppTest.csproj", "{33D91D6A-E59D-4660-A094-7DCB79C57D37}"
EndProject
Global
	GlobalSection(SolutionConfigurationPlatforms) = preSolution
		Debug|Any CPU = Debug|Any CPU
		Release|Any CPU = Release|Any CPU
	EndGlobalSection
	GlobalSection(ProjectConfigurationPlatforms) = postSolution
		{6AE45257-3AD6-43DE-8AA5-C93DCD688BBB}.Debug|Any CPU.ActiveCfg = Debug|Any CPU
		{6AE45257-3AD6-43DE-8AA5-C93DCD688BBB}.Debug|Any CPU.Build.0 = Debug|Any CPU
		{6AE45257-3AD6-43DE-8AA5-C93DCD688BBB}.Release|Any CPU.ActiveCfg = Release|Any CPU
		{6AE45257-3AD6-43DE-8AA5-C93DCD688BBB}.Release|Any CPU.Build.0 = Release|Any CPU
		{33D91D6A-E59D-4660-A094-7DCB79C57D37}.Debug|Any CPU.ActiveCfg = Debug|Any CPU
		{33D91D6A-E59D-4660-A094-7DCB79C57D37}.Debug|Any CPU.Build.0 = Debug|Any CPU
		{33D91D6A-E59D-4660-A094-7DCB79C57D37}.Release|Any CPU.ActiveCfg = Release|Any CPU
		{33D91D6A-E59D-4660-A094-7DCB79C57D37}.Release|Any CPU.Build.0 = Release|Any CPU
	EndGlobalSection
	GlobalSection(SolutionProperties) = preSolution
		HideSolutionNode = FALSE
	EndGlobalSection
	GlobalSection(ExtensibilityGlobals) = postSolution
		SolutionGuid = {73A74E55-A247-48B3-9D32-024AF4A59995}
	EndGlobalSection
EndGlobal
