
Microsoft Visual Studio Solution File, Format Version 12.00
# Visual Studio Version 16
VisualStudioVersion = 16.0.31129.286
MinimumVisualStudioVersion = 10.0.40219.1
Project("{FAE04EC0-301F-11D3-BF4B-00C04F79EFBC}") = "Assignment7", "Assignment7\Assignment7.csproj", "{BEDB0EA5-0B5A-4997-945C-5A5CE99FB23D}"
EndProject
Global
	GlobalSection(SolutionConfigurationPlatforms) = preSolution
		Debug|Any CPU = Debug|Any CPU
		Release|Any CPU = Release|Any CPU
	EndGlobalSection
	GlobalSection(ProjectConfigurationPlatforms) = postSolution
		{BEDB0EA5-0B5A-4997-945C-5A5CE99FB23D}.Debug|Any CPU.ActiveCfg = Debug|Any CPU
		{BEDB0EA5-0B5A-4997-945C-5A5CE99FB23D}.Debug|Any CPU.Build.0 = Debug|Any CPU
		{BEDB0EA5-0B5A-4997-945C-5A5CE99FB23D}.Release|Any CPU.ActiveCfg = Release|Any CPU
		{BEDB0EA5-0B5A-4997-945C-5A5CE99FB23D}.Release|Any CPU.Build.0 = Release|Any CPU
	EndGlobalSection
	GlobalSection(SolutionProperties) = preSolution
		HideSolutionNode = FALSE
	EndGlobalSection
	GlobalSection(ExtensibilityGlobals) = postSolution
		SolutionGuid = {E01091A0-47F3-47A8-9808-468BABFAF1BA}
	EndGlobalSection
EndGlobal
