
Microsoft Visual Studio Solution File, Format Version 12.00
# Visual Studio Version 16
VisualStudioVersion = 16.0.31129.286
MinimumVisualStudioVersion = 10.0.40219.1
Project("{FAE04EC0-301F-11D3-BF4B-00C04F79EFBC}") = "Assignment9", "Assignment9\Assignment9.csproj", "{9C0B8606-556E-431B-BB3F-B9978B3D26E9}"
EndProject
Project("{FAE04EC0-301F-11D3-BF4B-00C04F79EFBC}") = "Assignment9.Tests", "Assignment9.Tests\Assignment9.Tests.csproj", "{12F897E8-E8AE-45A7-8ED5-8A8219112C8B}"
EndProject
Global
	GlobalSection(SolutionConfigurationPlatforms) = preSolution
		Debug|Any CPU = Debug|Any CPU
		Release|Any CPU = Release|Any CPU
	EndGlobalSection
	GlobalSection(ProjectConfigurationPlatforms) = postSolution
		{9C0B8606-556E-431B-BB3F-B9978B3D26E9}.Debug|Any CPU.ActiveCfg = Debug|Any CPU
		{9C0B8606-556E-431B-BB3F-B9978B3D26E9}.Debug|Any CPU.Build.0 = Debug|Any CPU
		{9C0B8606-556E-431B-BB3F-B9978B3D26E9}.Release|Any CPU.ActiveCfg = Release|Any CPU
		{9C0B8606-556E-431B-BB3F-B9978B3D26E9}.Release|Any CPU.Build.0 = Release|Any CPU
		{12F897E8-E8AE-45A7-8ED5-8A8219112C8B}.Debug|Any CPU.ActiveCfg = Debug|Any CPU
		{12F897E8-E8AE-45A7-8ED5-8A8219112C8B}.Debug|Any CPU.Build.0 = Debug|Any CPU
		{12F897E8-E8AE-45A7-8ED5-8A8219112C8B}.Release|Any CPU.ActiveCfg = Release|Any CPU
		{12F897E8-E8AE-45A7-8ED5-8A8219112C8B}.Release|Any CPU.Build.0 = Release|Any CPU
	EndGlobalSection
	GlobalSection(SolutionProperties) = preSolution
		HideSolutionNode = FALSE
	EndGlobalSection
	GlobalSection(ExtensibilityGlobals) = postSolution
		SolutionGuid = {8A96E8FA-277B-4BFE-80B6-47D0339C04A2}
	EndGlobalSection
EndGlobal
